
Microsoft Visual Studio Solution File, Format Version 12.00
# Visual Studio Version 16
VisualStudioVersion = 16.0.31702.278
MinimumVisualStudioVersion = 10.0.40219.1
Project("{FAE04EC0-301F-11D3-BF4B-00C04F79EFBC}") = "FPPemrog", "FPPemrog\FPPemrog.csproj", "{D4A8D1D2-96E0-4695-B035-309C9114E5CE}"
EndProject
Global
	GlobalSection(SolutionConfigurationPlatforms) = preSolution
		Debug|Any CPU = Debug|Any CPU
		Release|Any CPU = Release|Any CPU
	EndGlobalSection
	GlobalSection(ProjectConfigurationPlatforms) = postSolution
		{D4A8D1D2-96E0-4695-B035-309C9114E5CE}.Debug|Any CPU.ActiveCfg = Debug|Any CPU
		{D4A8D1D2-96E0-4695-B035-309C9114E5CE}.Debug|Any CPU.Build.0 = Debug|Any CPU
		{D4A8D1D2-96E0-4695-B035-309C9114E5CE}.Release|Any CPU.ActiveCfg = Release|Any CPU
		{D4A8D1D2-96E0-4695-B035-309C9114E5CE}.Release|Any CPU.Build.0 = Release|Any CPU
	EndGlobalSection
	GlobalSection(SolutionProperties) = preSolution
		HideSolutionNode = FALSE
	EndGlobalSection
	GlobalSection(ExtensibilityGlobals) = postSolution
		SolutionGuid = {0813CDDE-4FC9-423B-BF7C-0EF3A87C6208}
	EndGlobalSection
EndGlobal
